
Microsoft Visual Studio Solution File, Format Version 12.00
# Visual Studio Version 17
VisualStudioVersion = 17.1.32421.90
MinimumVisualStudioVersion = 10.0.40219.1
Project("{FAE04EC0-301F-11D3-BF4B-00C04F79EFBC}") = "PartsInventory", "PartsInventory\PartsInventory.csproj", "{8C2CD730-4D47-43A4-A904-CB0E7685EA43}"
EndProject
Global
	GlobalSection(SolutionConfigurationPlatforms) = preSolution
		Debug|Any CPU = Debug|Any CPU
		Release|Any CPU = Release|Any CPU
	EndGlobalSection
	GlobalSection(ProjectConfigurationPlatforms) = postSolution
		{8C2CD730-4D47-43A4-A904-CB0E7685EA43}.Debug|Any CPU.ActiveCfg = Debug|Any CPU
		{8C2CD730-4D47-43A4-A904-CB0E7685EA43}.Debug|Any CPU.Build.0 = Debug|Any CPU
		{8C2CD730-4D47-43A4-A904-CB0E7685EA43}.Release|Any CPU.ActiveCfg = Release|Any CPU
		{8C2CD730-4D47-43A4-A904-CB0E7685EA43}.Release|Any CPU.Build.0 = Release|Any CPU
	EndGlobalSection
	GlobalSection(SolutionProperties) = preSolution
		HideSolutionNode = FALSE
	EndGlobalSection
	GlobalSection(ExtensibilityGlobals) = postSolution
		SolutionGuid = {A062344D-D9F6-46DB-A00C-25D08B832EF9}
	EndGlobalSection
EndGlobal
