
Microsoft Visual Studio Solution File, Format Version 12.00
# Visual Studio Version 17
VisualStudioVersion = 17.1.32421.90
MinimumVisualStudioVersion = 10.0.40219.1
Project("{9A19103F-16F7-4668-BE54-9A1E7A4F7556}") = "PartsInventory", "PartsInventory\PartsInventory.csproj", "{8C2CD730-4D47-43A4-A904-CB0E7685EA43}"
EndProject
Project("{2150E333-8FDC-42A3-9474-1A3956D46DE8}") = "Solution Items", "Solution Items", "{47DEC646-2E07-43C2-A20C-941470375E7B}"
	ProjectSection(SolutionItems) = preProject
		.editorconfig = .editorconfig
		.gitignore = .gitignore
		LICENSE.txt = LICENSE.txt
		README.md = README.md
	EndProjectSection
EndProject
Project("{9A19103F-16F7-4668-BE54-9A1E7A4F7556}") = "PartsHoleRestLibrary", "..\PartsHoleAPI\PartsHoleRestLibrary\PartsHoleRestLibrary.csproj", "{DF173DBA-6D6C-4371-9D4A-895477F70F7E}"
EndProject
Global
	GlobalSection(SolutionConfigurationPlatforms) = preSolution
		Debug|Any CPU = Debug|Any CPU
		Release_1|Any CPU = Release_1|Any CPU
		Release|Any CPU = Release|Any CPU
		Release1|Any CPU = Release1|Any CPU
		Release2|Any CPU = Release2|Any CPU
	EndGlobalSection
	GlobalSection(ProjectConfigurationPlatforms) = postSolution
		{8C2CD730-4D47-43A4-A904-CB0E7685EA43}.Debug|Any CPU.ActiveCfg = Debug|Any CPU
		{8C2CD730-4D47-43A4-A904-CB0E7685EA43}.Debug|Any CPU.Build.0 = Debug|Any CPU
		{8C2CD730-4D47-43A4-A904-CB0E7685EA43}.Release_1|Any CPU.ActiveCfg = Release|Any CPU
		{8C2CD730-4D47-43A4-A904-CB0E7685EA43}.Release_1|Any CPU.Build.0 = Release|Any CPU
		{8C2CD730-4D47-43A4-A904-CB0E7685EA43}.Release|Any CPU.ActiveCfg = Release|Any CPU
		{8C2CD730-4D47-43A4-A904-CB0E7685EA43}.Release|Any CPU.Build.0 = Release|Any CPU
		{8C2CD730-4D47-43A4-A904-CB0E7685EA43}.Release1|Any CPU.ActiveCfg = Release|Any CPU
		{8C2CD730-4D47-43A4-A904-CB0E7685EA43}.Release1|Any CPU.Build.0 = Release|Any CPU
		{8C2CD730-4D47-43A4-A904-CB0E7685EA43}.Release2|Any CPU.ActiveCfg = Release|Any CPU
		{8C2CD730-4D47-43A4-A904-CB0E7685EA43}.Release2|Any CPU.Build.0 = Release|Any CPU
		{DF173DBA-6D6C-4371-9D4A-895477F70F7E}.Debug|Any CPU.ActiveCfg = Debug|Any CPU
		{DF173DBA-6D6C-4371-9D4A-895477F70F7E}.Debug|Any CPU.Build.0 = Debug|Any CPU
		{DF173DBA-6D6C-4371-9D4A-895477F70F7E}.Release_1|Any CPU.ActiveCfg = Release|Any CPU
		{DF173DBA-6D6C-4371-9D4A-895477F70F7E}.Release_1|Any CPU.Build.0 = Release|Any CPU
		{DF173DBA-6D6C-4371-9D4A-895477F70F7E}.Release|Any CPU.ActiveCfg = Release|Any CPU
		{DF173DBA-6D6C-4371-9D4A-895477F70F7E}.Release|Any CPU.Build.0 = Release|Any CPU
		{DF173DBA-6D6C-4371-9D4A-895477F70F7E}.Release1|Any CPU.ActiveCfg = Release|Any CPU
		{DF173DBA-6D6C-4371-9D4A-895477F70F7E}.Release1|Any CPU.Build.0 = Release|Any CPU
		{DF173DBA-6D6C-4371-9D4A-895477F70F7E}.Release2|Any CPU.ActiveCfg = Release|Any CPU
		{DF173DBA-6D6C-4371-9D4A-895477F70F7E}.Release2|Any CPU.Build.0 = Release|Any CPU
	EndGlobalSection
	GlobalSection(SolutionProperties) = preSolution
		HideSolutionNode = FALSE
	EndGlobalSection
	GlobalSection(ExtensibilityGlobals) = postSolution
		SolutionGuid = {A062344D-D9F6-46DB-A00C-25D08B832EF9}
	EndGlobalSection
EndGlobal
